
Microsoft Visual Studio Solution File, Format Version 12.00
# Visual Studio 15
VisualStudioVersion = 15.0.28010.2003
MinimumVisualStudioVersion = 10.0.40219.1
Project("{FAE04EC0-301F-11D3-BF4B-00C04F79EFBC}") = "ITYardService", "ITYardService\ITYardService.csproj", "{2A7541DF-AB78-4D3E-9139-D4AE98E3D932}"
EndProject
Global
	GlobalSection(SolutionConfigurationPlatforms) = preSolution
		Debug|Any CPU = Debug|Any CPU
		Release|Any CPU = Release|Any CPU
	EndGlobalSection
	GlobalSection(ProjectConfigurationPlatforms) = postSolution
		{2A7541DF-AB78-4D3E-9139-D4AE98E3D932}.Debug|Any CPU.ActiveCfg = Debug|Any CPU
		{2A7541DF-AB78-4D3E-9139-D4AE98E3D932}.Debug|Any CPU.Build.0 = Debug|Any CPU
		{2A7541DF-AB78-4D3E-9139-D4AE98E3D932}.Release|Any CPU.ActiveCfg = Release|Any CPU
		{2A7541DF-AB78-4D3E-9139-D4AE98E3D932}.Release|Any CPU.Build.0 = Release|Any CPU
	EndGlobalSection
	GlobalSection(SolutionProperties) = preSolution
		HideSolutionNode = FALSE
	EndGlobalSection
	GlobalSection(ExtensibilityGlobals) = postSolution
		SolutionGuid = {9AF9F3A3-9069-4632-BC9B-A89A0D5E218C}
	EndGlobalSection
EndGlobal
